
Microsoft Visual Studio Solution File, Format Version 12.00
# Visual Studio 15
VisualStudioVersion = 15.0.28307.1267
MinimumVisualStudioVersion = 10.0.40219.1
Project("{FAE04EC0-301F-11D3-BF4B-00C04F79EFBC}") = "ContactsWebAPI", "ContactsWebAPI\ContactsWebAPI.csproj", "{F3F5DFC1-FB8A-4D9F-BA44-5AB29A0BB074}"
EndProject
Global
	GlobalSection(SolutionConfigurationPlatforms) = preSolution
		Debug|Any CPU = Debug|Any CPU
		Release|Any CPU = Release|Any CPU
	EndGlobalSection
	GlobalSection(ProjectConfigurationPlatforms) = postSolution
		{F3F5DFC1-FB8A-4D9F-BA44-5AB29A0BB074}.Debug|Any CPU.ActiveCfg = Debug|Any CPU
		{F3F5DFC1-FB8A-4D9F-BA44-5AB29A0BB074}.Debug|Any CPU.Build.0 = Debug|Any CPU
		{F3F5DFC1-FB8A-4D9F-BA44-5AB29A0BB074}.Release|Any CPU.ActiveCfg = Release|Any CPU
		{F3F5DFC1-FB8A-4D9F-BA44-5AB29A0BB074}.Release|Any CPU.Build.0 = Release|Any CPU
	EndGlobalSection
	GlobalSection(SolutionProperties) = preSolution
		HideSolutionNode = FALSE
	EndGlobalSection
	GlobalSection(ExtensibilityGlobals) = postSolution
		SolutionGuid = {9FCA0AA3-395C-4751-BFD3-C2E6F9B75A8F}
	EndGlobalSection
EndGlobal
